
Microsoft Visual Studio Solution File, Format Version 12.00
# Visual Studio Version 17
VisualStudioVersion = 17.5.33502.453
MinimumVisualStudioVersion = 10.0.40219.1
Project("{FAE04EC0-301F-11D3-BF4B-00C04F79EFBC}") = "GS25ManagementApp", "GS25ManagementApp.csproj", "{1DE69D57-EA2D-497B-8511-1818AFFA7484}"
EndProject
Global
	GlobalSection(SolutionConfigurationPlatforms) = preSolution
		Debug|Any CPU = Debug|Any CPU
		Release|Any CPU = Release|Any CPU
	EndGlobalSection
	GlobalSection(ProjectConfigurationPlatforms) = postSolution
		{1DE69D57-EA2D-497B-8511-1818AFFA7484}.Debug|Any CPU.ActiveCfg = Debug|Any CPU
		{1DE69D57-EA2D-497B-8511-1818AFFA7484}.Debug|Any CPU.Build.0 = Debug|Any CPU
		{1DE69D57-EA2D-497B-8511-1818AFFA7484}.Release|Any CPU.ActiveCfg = Release|Any CPU
		{1DE69D57-EA2D-497B-8511-1818AFFA7484}.Release|Any CPU.Build.0 = Release|Any CPU
	EndGlobalSection
	GlobalSection(SolutionProperties) = preSolution
		HideSolutionNode = FALSE
	EndGlobalSection
	GlobalSection(ExtensibilityGlobals) = postSolution
		SolutionGuid = {16440CE4-4EEC-4271-A68C-970EF141785A}
	EndGlobalSection
EndGlobal
